<?xml version="1.0" encoding="utf-8"?>
<Project ToolsVersion="4.0" xmlns="http://schemas.microsoft.com/developer/msbuild/2003">
  <ItemGroup>
    <Filter Include="Source Files">
      <UniqueIdentifier>{4FC737F1-C7A5-4376-A066-2A32D752A2FF}</UniqueIdentifier>
      <Extensions>cpp;c;cc;cxx;def;odl;idl;hpj;bat;asm;asmx</Extensions>
    </Filter>
    <Filter Include="Header Files">
      <UniqueIdentifier>{93995380-89BD-4b04-88EB-625FBE52EBFB}</UniqueIdentifier>
      <Extensions>h;hpp;hxx;hm;inl;inc;xsd</Extensions>
    </Filter>
    <Filter Include="Resource Files">
      <UniqueIdentifier>{67DA6AB6-F800-4c08-8B7A-83BB121AAD01}</UniqueIdentifier>
      <Extensions>rc;ico;cur;bmp;dlg;rc2;rct;bin;rgs;gif;jpg;jpeg;jpe;resx;tiff;tif;png;wav;mfcribbon-ms</Extensions>
    </Filter>
  </ItemGroup>
  <ItemGroup>
    <ClCompile Include="GestaoTudo.cpp">
      <Filter>Source Files</Filter>
    </ClCompile>
    <ClCompile Include="IntDados.cpp">
      <Filter>Source Files</Filter>
    </ClCompile>
    <ClCompile Include="Jogador.cpp">
      <Filter>Source Files</Filter>
    </ClCompile>
    <ClCompile Include="Inimigo.cpp">
      <Filter>Source Files</Filter>
    </ClCompile>
    <ClCompile Include="Tiro.cpp">
      <Filter>Source Files</Filter>
    </ClCompile>
    <ClCompile Include="NivelClass.cpp">
      <Filter>Source Files</Filter>
    </ClCompile>
    <ClCompile Include="Utilizador.cpp">
      <Filter>Source Files</Filter>
    </ClCompile>
    <ClCompile Include="FormLogin.cpp">
      <Filter>Source Files</Filter>
    </ClCompile>
    <ClCompile Include="FormTabela.cpp">
      <Filter>Source Files</Filter>
    </ClCompile>
    <ClCompile Include="FormJogo.cpp">
      <Filter>Source Files</Filter>
    </ClCompile>
    <ClCompile Include="InimigoBoss.cpp">
      <Filter>Source Files</Filter>
    </ClCompile>
  </ItemGroup>
  <ItemGroup>
    <ClInclude Include="GestaoTudo.h">
      <Filter>Header Files</Filter>
    </ClInclude>
    <ClInclude Include="Jogador.h">
      <Filter>Header Files</Filter>
    </ClInclude>
    <ClInclude Include="Inimigo.h">
      <Filter>Header Files</Filter>
    </ClInclude>
    <ClInclude Include="Tiro.h">
      <Filter>Header Files</Filter>
    </ClInclude>
    <ClInclude Include="NivelClass.h">
      <Filter>Header Files</Filter>
    </ClInclude>
    <ClInclude Include="Utilizador.h">
      <Filter>Header Files</Filter>
    </ClInclude>
    <ClInclude Include="FormLogin.h">
      <Filter>Header Files</Filter>
    </ClInclude>
    <ClInclude Include="FormTabela.h">
      <Filter>Header Files</Filter>
    </ClInclude>
    <ClInclude Include="FormJogo.h">
      <Filter>Header Files</Filter>
    </ClInclude>
    <ClInclude Include="resource.h">
      <Filter>Header Files</Filter>
    </ClInclude>
    <ClInclude Include="InimigoBoss.h">
      <Filter>Header Files</Filter>
    </ClInclude>
    <ClInclude Include="Defines.h">
      <Filter>Header Files</Filter>
    </ClInclude>
    <ClInclude Include="FormSelectNivel.h">
      <Filter>Header Files</Filter>
    </ClInclude>
  </ItemGroup>
  <ItemGroup>
    <EmbeddedResource Include="FormJogo.resx">
      <Filter>Resource Files</Filter>
    </EmbeddedResource>
    <EmbeddedResource Include="FormLogin.resx">
      <Filter>Resource Files</Filter>
    </EmbeddedResource>
    <EmbeddedResource Include="FormTabela.resx">
      <Filter>Resource Files</Filter>
    </EmbeddedResource>
    <EmbeddedResource Include="FormSelectNivel.resx">
      <Filter>Resource Files</Filter>
    </EmbeddedResource>
  </ItemGroup>
  <ItemGroup>
    <Text Include="notes.txt" />
  </ItemGroup>
  <ItemGroup>
    <None Include="ClassDiagram.cd" />
  </ItemGroup>
</Project>